
Microsoft Visual Studio Solution File, Format Version 12.00
# Visual Studio Version 17
VisualStudioVersion = 17.12.35514.174
MinimumVisualStudioVersion = 10.0.40219.1
Project("{FAE04EC0-301F-11D3-BF4B-00C04F79EFBC}") = "PeliculasAPI", "PeliculasAPI\PeliculasAPI.csproj", "{770AA56F-3330-4D20-8A86-98165068E7D0}"
EndProject
Project("{FAE04EC0-301F-11D3-BF4B-00C04F79EFBC}") = "PeliculaAPITests", "PeliculaAPITests\PeliculaAPITests.csproj", "{8CCC0D75-B9C1-46C6-8E9C-06F2263A4A52}"
EndProject
Global
	GlobalSection(SolutionConfigurationPlatforms) = preSolution
		Debug|Any CPU = Debug|Any CPU
		Release|Any CPU = Release|Any CPU
	EndGlobalSection
	GlobalSection(ProjectConfigurationPlatforms) = postSolution
		{770AA56F-3330-4D20-8A86-98165068E7D0}.Debug|Any CPU.ActiveCfg = Debug|Any CPU
		{770AA56F-3330-4D20-8A86-98165068E7D0}.Debug|Any CPU.Build.0 = Debug|Any CPU
		{770AA56F-3330-4D20-8A86-98165068E7D0}.Release|Any CPU.ActiveCfg = Release|Any CPU
		{770AA56F-3330-4D20-8A86-98165068E7D0}.Release|Any CPU.Build.0 = Release|Any CPU
		{8CCC0D75-B9C1-46C6-8E9C-06F2263A4A52}.Debug|Any CPU.ActiveCfg = Debug|Any CPU
		{8CCC0D75-B9C1-46C6-8E9C-06F2263A4A52}.Debug|Any CPU.Build.0 = Debug|Any CPU
		{8CCC0D75-B9C1-46C6-8E9C-06F2263A4A52}.Release|Any CPU.ActiveCfg = Release|Any CPU
		{8CCC0D75-B9C1-46C6-8E9C-06F2263A4A52}.Release|Any CPU.Build.0 = Release|Any CPU
	EndGlobalSection
	GlobalSection(SolutionProperties) = preSolution
		HideSolutionNode = FALSE
	EndGlobalSection
EndGlobal
